// !$*UTF8*$!
{
	archiveVersion = 1;
	classes = {
	};
	objectVersion = 51;
	objects = {

/* Begin PBXBuildFile section */
		4B1483E52912892C0013B76E /* AppDelegate.swift in Sources */ = {isa = PBXBuildFile; fileRef = 4B1483E42912892C0013B76E /* AppDelegate.swift */; };
		4B1483E72912892C0013B76E /* ViewController.swift in Sources */ = {isa = PBXBuildFile; fileRef = 4B1483E62912892C0013B76E /* ViewController.swift */; };
		4B1483E92912892F0013B76E /* Assets.xcassets in Resources */ = {isa = PBXBuildFile; fileRef = 4B1483E82912892F0013B76E /* Assets.xcassets */; };
		4B1483EC2912892F0013B76E /* MainWindowController.storyboard in Resources */ = {isa = PBXBuildFile; fileRef = 4B1483EA2912892F0013B76E /* MainWindowController.storyboard */; };
		4B1483F82912892F0013B76E /* XcodeTemplateProjectTests.swift in Sources */ = {isa = PBXBuildFile; fileRef = 4B1483F72912892F0013B76E /* XcodeTemplateProjectTests.swift */; };
		4B52C534292CCF4B00C7792A /* PerseusDarkModeSingle.swift in Sources */ = {isa = PBXBuildFile; fileRef = 4B52C533292CCF4B00C7792A /* PerseusDarkModeSingle.swift */; };
		4B52C536292CD05C00C7792A /* DarkModeSwitching.swift in Sources */ = {isa = PBXBuildFile; fileRef = 4B52C535292CD05C00C7792A /* DarkModeSwitching.swift */; };
		4B6F98622927D95500ADB03A /* .swiftlint.yml in Resources */ = {isa = PBXBuildFile; fileRef = 4B6F98612927D95500ADB03A /* .swiftlint.yml */; };
		4B6F98662927DF1400ADB03A /* InfoPlist.strings in Resources */ = {isa = PBXBuildFile; fileRef = 4B6F98682927DF1400ADB03A /* InfoPlist.strings */; };
		4B6F986C2927E0F000ADB03A /* Localization_en.plist in Resources */ = {isa = PBXBuildFile; fileRef = 4B6F986B2927E0F000ADB03A /* Localization_en.plist */; };
		4B6F986E2927E11700ADB03A /* Localization_ru.plist in Resources */ = {isa = PBXBuildFile; fileRef = 4B6F986D2927E11700ADB03A /* Localization_ru.plist */; };
		4B6F98712927E4FC00ADB03A /* Localizable.strings in Resources */ = {isa = PBXBuildFile; fileRef = 4B6F98732927E4FC00ADB03A /* Localizable.strings */; };
		4B6F98772927E81000ADB03A /* LocalizationExtentions.swift in Sources */ = {isa = PBXBuildFile; fileRef = 4B6F98762927E81000ADB03A /* LocalizationExtentions.swift */; };
		4B6F987A2927EF0E00ADB03A /* LocalizationTestHelper.swift in Sources */ = {isa = PBXBuildFile; fileRef = 4B6F98792927EF0E00ADB03A /* LocalizationTestHelper.swift */; };
		4B6F987C2927F08D00ADB03A /* LocalizationTests.swift in Sources */ = {isa = PBXBuildFile; fileRef = 4B6F987B2927F08D00ADB03A /* LocalizationTests.swift */; };
		4B6F987E2928259E00ADB03A /* Requirements.txt in Resources */ = {isa = PBXBuildFile; fileRef = 4B6F987D2928259E00ADB03A /* Requirements.txt */; };
		4BBE905E29128FB1008F734D /* MainWindowController.swift in Sources */ = {isa = PBXBuildFile; fileRef = 4BBE905D29128FB1008F734D /* MainWindowController.swift */; };
		4BBE906029129055008F734D /* MainWindow.swift in Sources */ = {isa = PBXBuildFile; fileRef = 4BBE905F29129055008F734D /* MainWindow.swift */; };
		4BBE9062291290BD008F734D /* MainMenu.xib in Resources */ = {isa = PBXBuildFile; fileRef = 4BBE9061291290BD008F734D /* MainMenu.xib */; };
		4BBE90652912911D008F734D /* TestingAppDelegate.swift in Sources */ = {isa = PBXBuildFile; fileRef = 4BBE90642912911D008F734D /* TestingAppDelegate.swift */; };
		4BBE90672912931A008F734D /* main.swift in Sources */ = {isa = PBXBuildFile; fileRef = 4BBE90662912931A008F734D /* main.swift */; };
		4BBE9069291293E8008F734D /* .gitignore in Resources */ = {isa = PBXBuildFile; fileRef = 4BBE9068291293E7008F734D /* .gitignore */; };
		4BBE906B291293F0008F734D /* LICENSE in Resources */ = {isa = PBXBuildFile; fileRef = 4BBE906A291293F0008F734D /* LICENSE */; };
		4BBE906D291293F6008F734D /* README.md in Resources */ = {isa = PBXBuildFile; fileRef = 4BBE906C291293F6008F734D /* README.md */; };
		4BBE907129137B5E008F734D /* main.yml in Resources */ = {isa = PBXBuildFile; fileRef = 4BBE907029137B5D008F734D /* main.yml */; };
/* End PBXBuildFile section */

/* Begin PBXContainerItemProxy section */
		4B1483F42912892F0013B76E /* PBXContainerItemProxy */ = {
			isa = PBXContainerItemProxy;
			containerPortal = 4B1483D92912892C0013B76E /* Project object */;
			proxyType = 1;
			remoteGlobalIDString = 4B1483E02912892C0013B76E;
			remoteInfo = XcodeTemplateProject;
		};
/* End PBXContainerItemProxy section */

/* Begin PBXFileReference section */
		4B1483E12912892C0013B76E /* XcodeTemplateProject.app */ = {isa = PBXFileReference; explicitFileType = wrapper.application; includeInIndex = 0; path = XcodeTemplateProject.app; sourceTree = BUILT_PRODUCTS_DIR; };
		4B1483E42912892C0013B76E /* AppDelegate.swift */ = {isa = PBXFileReference; lastKnownFileType = sourcecode.swift; path = AppDelegate.swift; sourceTree = "<group>"; };
		4B1483E62912892C0013B76E /* ViewController.swift */ = {isa = PBXFileReference; lastKnownFileType = sourcecode.swift; path = ViewController.swift; sourceTree = "<group>"; };
		4B1483E82912892F0013B76E /* Assets.xcassets */ = {isa = PBXFileReference; lastKnownFileType = folder.assetcatalog; path = Assets.xcassets; sourceTree = "<group>"; };
		4B1483EB2912892F0013B76E /* Base */ = {isa = PBXFileReference; lastKnownFileType = file.storyboard; name = Base; path = Base.lproj/MainWindowController.storyboard; sourceTree = "<group>"; };
		4B1483ED2912892F0013B76E /* Info.plist */ = {isa = PBXFileReference; lastKnownFileType = text.plist.xml; path = Info.plist; sourceTree = "<group>"; };
		4B1483EE2912892F0013B76E /* XcodeTemplateProject.entitlements */ = {isa = PBXFileReference; lastKnownFileType = text.plist.entitlements; path = XcodeTemplateProject.entitlements; sourceTree = "<group>"; };
		4B1483F32912892F0013B76E /* XcodeTemplateProjectTests.xctest */ = {isa = PBXFileReference; explicitFileType = wrapper.cfbundle; includeInIndex = 0; path = XcodeTemplateProjectTests.xctest; sourceTree = BUILT_PRODUCTS_DIR; };
		4B1483F72912892F0013B76E /* XcodeTemplateProjectTests.swift */ = {isa = PBXFileReference; lastKnownFileType = sourcecode.swift; path = XcodeTemplateProjectTests.swift; sourceTree = "<group>"; };
		4B1483F92912892F0013B76E /* Info.plist */ = {isa = PBXFileReference; lastKnownFileType = text.plist.xml; path = Info.plist; sourceTree = "<group>"; };
		4B52C533292CCF4B00C7792A /* PerseusDarkModeSingle.swift */ = {isa = PBXFileReference; lastKnownFileType = sourcecode.swift; path = PerseusDarkModeSingle.swift; sourceTree = "<group>"; };
		4B52C535292CD05C00C7792A /* DarkModeSwitching.swift */ = {isa = PBXFileReference; lastKnownFileType = sourcecode.swift; path = DarkModeSwitching.swift; sourceTree = "<group>"; };
		4B6F98612927D95500ADB03A /* .swiftlint.yml */ = {isa = PBXFileReference; lastKnownFileType = text; path = .swiftlint.yml; sourceTree = "<group>"; };
		4B6F98672927DF1400ADB03A /* en */ = {isa = PBXFileReference; lastKnownFileType = text.plist.strings; name = en; path = en.lproj/InfoPlist.strings; sourceTree = "<group>"; };
		4B6F98692927DF4800ADB03A /* ru */ = {isa = PBXFileReference; lastKnownFileType = text.plist.strings; name = ru; path = ru.lproj/InfoPlist.strings; sourceTree = "<group>"; };
		4B6F986B2927E0F000ADB03A /* Localization_en.plist */ = {isa = PBXFileReference; lastKnownFileType = text.plist.xml; path = Localization_en.plist; sourceTree = "<group>"; };
		4B6F986D2927E11700ADB03A /* Localization_ru.plist */ = {isa = PBXFileReference; lastKnownFileType = text.plist.xml; path = Localization_ru.plist; sourceTree = "<group>"; };
		4B6F98722927E4FC00ADB03A /* en */ = {isa = PBXFileReference; lastKnownFileType = text.plist.strings; name = en; path = en.lproj/Localizable.strings; sourceTree = "<group>"; };
		4B6F98742927E4FE00ADB03A /* ru */ = {isa = PBXFileReference; lastKnownFileType = text.plist.strings; name = ru; path = ru.lproj/Localizable.strings; sourceTree = "<group>"; };
		4B6F98762927E81000ADB03A /* LocalizationExtentions.swift */ = {isa = PBXFileReference; lastKnownFileType = sourcecode.swift; path = LocalizationExtentions.swift; sourceTree = "<group>"; };
		4B6F98792927EF0E00ADB03A /* LocalizationTestHelper.swift */ = {isa = PBXFileReference; lastKnownFileType = sourcecode.swift; path = LocalizationTestHelper.swift; sourceTree = "<group>"; };
		4B6F987B2927F08D00ADB03A /* LocalizationTests.swift */ = {isa = PBXFileReference; lastKnownFileType = sourcecode.swift; path = LocalizationTests.swift; sourceTree = "<group>"; };
		4B6F987D2928259E00ADB03A /* Requirements.txt */ = {isa = PBXFileReference; lastKnownFileType = text; path = Requirements.txt; sourceTree = "<group>"; };
		4BBE905D29128FB1008F734D /* MainWindowController.swift */ = {isa = PBXFileReference; lastKnownFileType = sourcecode.swift; path = MainWindowController.swift; sourceTree = "<group>"; };
		4BBE905F29129055008F734D /* MainWindow.swift */ = {isa = PBXFileReference; lastKnownFileType = sourcecode.swift; path = MainWindow.swift; sourceTree = "<group>"; };
		4BBE9061291290BD008F734D /* MainMenu.xib */ = {isa = PBXFileReference; lastKnownFileType = file.xib; path = MainMenu.xib; sourceTree = "<group>"; };
		4BBE90642912911D008F734D /* TestingAppDelegate.swift */ = {isa = PBXFileReference; lastKnownFileType = sourcecode.swift; path = TestingAppDelegate.swift; sourceTree = "<group>"; };
		4BBE90662912931A008F734D /* main.swift */ = {isa = PBXFileReference; lastKnownFileType = sourcecode.swift; path = main.swift; sourceTree = "<group>"; };
		4BBE9068291293E7008F734D /* .gitignore */ = {isa = PBXFileReference; fileEncoding = 4; lastKnownFileType = text; path = .gitignore; sourceTree = "<group>"; };
		4BBE906A291293F0008F734D /* LICENSE */ = {isa = PBXFileReference; fileEncoding = 4; lastKnownFileType = text; path = LICENSE; sourceTree = "<group>"; };
		4BBE906C291293F6008F734D /* README.md */ = {isa = PBXFileReference; fileEncoding = 4; lastKnownFileType = net.daringfireball.markdown; path = README.md; sourceTree = "<group>"; };
		4BBE907029137B5D008F734D /* main.yml */ = {isa = PBXFileReference; fileEncoding = 4; lastKnownFileType = text; name = main.yml; path = .github/workflows/main.yml; sourceTree = "<group>"; };
/* End PBXFileReference section */

/* Begin PBXFrameworksBuildPhase section */
		4B1483DE2912892C0013B76E /* Frameworks */ = {
			isa = PBXFrameworksBuildPhase;
			buildActionMask = 2147483647;
			files = (
			);
			runOnlyForDeploymentPostprocessing = 0;
		};
		4B1483F02912892F0013B76E /* Frameworks */ = {
			isa = PBXFrameworksBuildPhase;
			buildActionMask = 2147483647;
			files = (
			);
			runOnlyForDeploymentPostprocessing = 0;
		};
/* End PBXFrameworksBuildPhase section */

/* Begin PBXGroup section */
		4B1483D82912892C0013B76E = {
			isa = PBXGroup;
			children = (
				4BBE907029137B5D008F734D /* main.yml */,
				4BBE906A291293F0008F734D /* LICENSE */,
				4BBE906C291293F6008F734D /* README.md */,
				4BBE9068291293E7008F734D /* .gitignore */,
				4B6F98612927D95500ADB03A /* .swiftlint.yml */,
				4B1483E32912892C0013B76E /* XcodeTemplateProject */,
				4B1483F62912892F0013B76E /* XcodeTemplateProjectTests */,
				4B1483E22912892C0013B76E /* Products */,
			);
			sourceTree = "<group>";
		};
		4B1483E22912892C0013B76E /* Products */ = {
			isa = PBXGroup;
			children = (
				4B1483E12912892C0013B76E /* XcodeTemplateProject.app */,
				4B1483F32912892F0013B76E /* XcodeTemplateProjectTests.xctest */,
			);
			name = Products;
			sourceTree = "<group>";
		};
		4B1483E32912892C0013B76E /* XcodeTemplateProject */ = {
			isa = PBXGroup;
			children = (
				4BBE90662912931A008F734D /* main.swift */,
				4B6F986A2927E0C000ADB03A /* Requirements */,
				4B14840229128A930013B76E /* Configuration */,
				4B14840429128E460013B76E /* BusinessContent */,
			);
			path = XcodeTemplateProject;
			sourceTree = "<group>";
		};
		4B1483F62912892F0013B76E /* XcodeTemplateProjectTests */ = {
			isa = PBXGroup;
			children = (
				4B14840329128AA90013B76E /* Configuration */,
				4B1483F72912892F0013B76E /* XcodeTemplateProjectTests.swift */,
				4B6F987B2927F08D00ADB03A /* LocalizationTests.swift */,
			);
			path = XcodeTemplateProjectTests;
			sourceTree = "<group>";
		};
		4B14840229128A930013B76E /* Configuration */ = {
			isa = PBXGroup;
			children = (
				4B6F98632927DDA300ADB03A /* Localization */,
				4B6F98752927E7C600ADB03A /* FirstPartyCode */,
				4B1483E42912892C0013B76E /* AppDelegate.swift */,
				4B1483E82912892F0013B76E /* Assets.xcassets */,
				4B1483ED2912892F0013B76E /* Info.plist */,
				4B1483EE2912892F0013B76E /* XcodeTemplateProject.entitlements */,
			);
			path = Configuration;
			sourceTree = "<group>";
		};
		4B14840329128AA90013B76E /* Configuration */ = {
			isa = PBXGroup;
			children = (
				4B6F98782927EEF400ADB03A /* Helpers */,
				4B1483F92912892F0013B76E /* Info.plist */,
				4BBE90642912911D008F734D /* TestingAppDelegate.swift */,
			);
			path = Configuration;
			sourceTree = "<group>";
		};
		4B14840429128E460013B76E /* BusinessContent */ = {
			isa = PBXGroup;
			children = (
				4BBE9063291290C5008F734D /* Storyboards */,
				4B1483E62912892C0013B76E /* ViewController.swift */,
				4BBE905D29128FB1008F734D /* MainWindowController.swift */,
				4BBE905F29129055008F734D /* MainWindow.swift */,
			);
			path = BusinessContent;
			sourceTree = "<group>";
		};
		4B6F98632927DDA300ADB03A /* Localization */ = {
			isa = PBXGroup;
			children = (
				4B6F98682927DF1400ADB03A /* InfoPlist.strings */,
				4B6F98732927E4FC00ADB03A /* Localizable.strings */,
			);
			path = Localization;
			sourceTree = "<group>";
		};
		4B6F986A2927E0C000ADB03A /* Requirements */ = {
			isa = PBXGroup;
			children = (
				4B6F987D2928259E00ADB03A /* Requirements.txt */,
				4B6F986B2927E0F000ADB03A /* Localization_en.plist */,
				4B6F986D2927E11700ADB03A /* Localization_ru.plist */,
			);
			path = Requirements;
			sourceTree = "<group>";
		};
		4B6F98752927E7C600ADB03A /* FirstPartyCode */ = {
			isa = PBXGroup;
			children = (
				4B6F98762927E81000ADB03A /* LocalizationExtentions.swift */,
				4B52C533292CCF4B00C7792A /* PerseusDarkModeSingle.swift */,
				4B52C535292CD05C00C7792A /* DarkModeSwitching.swift */,
			);
			path = FirstPartyCode;
			sourceTree = "<group>";
		};
		4B6F98782927EEF400ADB03A /* Helpers */ = {
			isa = PBXGroup;
			children = (
				4B6F98792927EF0E00ADB03A /* LocalizationTestHelper.swift */,
			);
			path = Helpers;
			sourceTree = "<group>";
		};
		4BBE9063291290C5008F734D /* Storyboards */ = {
			isa = PBXGroup;
			children = (
				4BBE9061291290BD008F734D /* MainMenu.xib */,
				4B1483EA2912892F0013B76E /* MainWindowController.storyboard */,
			);
			path = Storyboards;
			sourceTree = "<group>";
		};
/* End PBXGroup section */

/* Begin PBXNativeTarget section */
		4B1483E02912892C0013B76E /* XcodeTemplateProject */ = {
			isa = PBXNativeTarget;
			buildConfigurationList = 4B1483FC2912892F0013B76E /* Build configuration list for PBXNativeTarget "XcodeTemplateProject" */;
			buildPhases = (
				4B1483DD2912892C0013B76E /* Sources */,
				4B1483DE2912892C0013B76E /* Frameworks */,
				4B1483DF2912892C0013B76E /* Resources */,
				4B6F98602927D85B00ADB03A /* ShellScript */,
			);
			buildRules = (
			);
			dependencies = (
			);
			name = XcodeTemplateProject;
			productName = XcodeTemplateProject;
			productReference = 4B1483E12912892C0013B76E /* XcodeTemplateProject.app */;
			productType = "com.apple.product-type.application";
		};
		4B1483F22912892F0013B76E /* XcodeTemplateProjectTests */ = {
			isa = PBXNativeTarget;
			buildConfigurationList = 4B1483FF2912892F0013B76E /* Build configuration list for PBXNativeTarget "XcodeTemplateProjectTests" */;
			buildPhases = (
				4B1483EF2912892F0013B76E /* Sources */,
				4B1483F02912892F0013B76E /* Frameworks */,
				4B1483F12912892F0013B76E /* Resources */,
			);
			buildRules = (
			);
			dependencies = (
				4B1483F52912892F0013B76E /* PBXTargetDependency */,
			);
			name = XcodeTemplateProjectTests;
			productName = XcodeTemplateProjectTests;
			productReference = 4B1483F32912892F0013B76E /* XcodeTemplateProjectTests.xctest */;
			productType = "com.apple.product-type.bundle.unit-test";
		};
/* End PBXNativeTarget section */

/* Begin PBXProject section */
		4B1483D92912892C0013B76E /* Project object */ = {
			isa = PBXProject;
			attributes = {
				LastSwiftUpdateCheck = 1010;
				LastUpgradeCheck = 1010;
				ORGANIZATIONNAME = "Mikhail Zhigulin";
				TargetAttributes = {
					4B1483E02912892C0013B76E = {
						CreatedOnToolsVersion = 10.1;
					};
					4B1483F22912892F0013B76E = {
						CreatedOnToolsVersion = 10.1;
						TestTargetID = 4B1483E02912892C0013B76E;
					};
				};
			};
			buildConfigurationList = 4B1483DC2912892C0013B76E /* Build configuration list for PBXProject "XcodeTemplateProject" */;
			compatibilityVersion = "Xcode 10.0";
			developmentRegion = en;
			hasScannedForEncodings = 0;
			knownRegions = (
				en,
				Base,
				ru,
			);
			mainGroup = 4B1483D82912892C0013B76E;
			productRefGroup = 4B1483E22912892C0013B76E /* Products */;
			projectDirPath = "";
			projectRoot = "";
			targets = (
				4B1483E02912892C0013B76E /* XcodeTemplateProject */,
				4B1483F22912892F0013B76E /* XcodeTemplateProjectTests */,
			);
		};
/* End PBXProject section */

/* Begin PBXResourcesBuildPhase section */
		4B1483DF2912892C0013B76E /* Resources */ = {
			isa = PBXResourcesBuildPhase;
			buildActionMask = 2147483647;
			files = (
				4B6F986C2927E0F000ADB03A /* Localization_en.plist in Resources */,
				4B6F98712927E4FC00ADB03A /* Localizable.strings in Resources */,
				4B6F98622927D95500ADB03A /* .swiftlint.yml in Resources */,
				4B6F987E2928259E00ADB03A /* Requirements.txt in Resources */,
				4BBE906D291293F6008F734D /* README.md in Resources */,
				4BBE9069291293E8008F734D /* .gitignore in Resources */,
				4B1483E92912892F0013B76E /* Assets.xcassets in Resources */,
				4B1483EC2912892F0013B76E /* MainWindowController.storyboard in Resources */,
				4BBE9062291290BD008F734D /* MainMenu.xib in Resources */,
				4BBE906B291293F0008F734D /* LICENSE in Resources */,
				4B6F986E2927E11700ADB03A /* Localization_ru.plist in Resources */,
				4B6F98662927DF1400ADB03A /* InfoPlist.strings in Resources */,
				4BBE907129137B5E008F734D /* main.yml in Resources */,
			);
			runOnlyForDeploymentPostprocessing = 0;
		};
		4B1483F12912892F0013B76E /* Resources */ = {
			isa = PBXResourcesBuildPhase;
			buildActionMask = 2147483647;
			files = (
			);
			runOnlyForDeploymentPostprocessing = 0;
		};
/* End PBXResourcesBuildPhase section */

/* Begin PBXShellScriptBuildPhase section */
		4B6F98602927D85B00ADB03A /* ShellScript */ = {
			isa = PBXShellScriptBuildPhase;
			buildActionMask = 2147483647;
			files = (
			);
			inputFileListPaths = (
			);
			inputPaths = (
			);
			outputFileListPaths = (
			);
			outputPaths = (
			);
			runOnlyForDeploymentPostprocessing = 0;
			shellPath = /bin/sh;
			shellScript = "if [ \"${CONFIGURATION}\" = \"Debug\" ]; then\nif which swiftlint >/dev/null; then\nswiftlint --config \"$SRCROOT/.swiftlint.yml\"\nelse\necho \"warning: SwiftLint not installed, download from https://github.com/realm/SwiftLint\"\nexit 1\nfi\nfi\n";
		};
/* End PBXShellScriptBuildPhase section */

/* Begin PBXSourcesBuildPhase section */
		4B1483DD2912892C0013B76E /* Sources */ = {
			isa = PBXSourcesBuildPhase;
			buildActionMask = 2147483647;
			files = (
				4BBE906029129055008F734D /* MainWindow.swift in Sources */,
				4B52C536292CD05C00C7792A /* DarkModeSwitching.swift in Sources */,
				4BBE90672912931A008F734D /* main.swift in Sources */,
				4B1483E72912892C0013B76E /* ViewController.swift in Sources */,
				4B52C534292CCF4B00C7792A /* PerseusDarkModeSingle.swift in Sources */,
				4B1483E52912892C0013B76E /* AppDelegate.swift in Sources */,
				4BBE905E29128FB1008F734D /* MainWindowController.swift in Sources */,
				4B6F98772927E81000ADB03A /* LocalizationExtentions.swift in Sources */,
			);
			runOnlyForDeploymentPostprocessing = 0;
		};
		4B1483EF2912892F0013B76E /* Sources */ = {
			isa = PBXSourcesBuildPhase;
			buildActionMask = 2147483647;
			files = (
				4B1483F82912892F0013B76E /* XcodeTemplateProjectTests.swift in Sources */,
				4B6F987A2927EF0E00ADB03A /* LocalizationTestHelper.swift in Sources */,
				4B6F987C2927F08D00ADB03A /* LocalizationTests.swift in Sources */,
				4BBE90652912911D008F734D /* TestingAppDelegate.swift in Sources */,
			);
			runOnlyForDeploymentPostprocessing = 0;
		};
/* End PBXSourcesBuildPhase section */

/* Begin PBXTargetDependency section */
		4B1483F52912892F0013B76E /* PBXTargetDependency */ = {
			isa = PBXTargetDependency;
			target = 4B1483E02912892C0013B76E /* XcodeTemplateProject */;
			targetProxy = 4B1483F42912892F0013B76E /* PBXContainerItemProxy */;
		};
/* End PBXTargetDependency section */

/* Begin PBXVariantGroup section */
		4B1483EA2912892F0013B76E /* MainWindowController.storyboard */ = {
			isa = PBXVariantGroup;
			children = (
				4B1483EB2912892F0013B76E /* Base */,
			);
			name = MainWindowController.storyboard;
			sourceTree = "<group>";
		};
		4B6F98682927DF1400ADB03A /* InfoPlist.strings */ = {
			isa = PBXVariantGroup;
			children = (
				4B6F98672927DF1400ADB03A /* en */,
				4B6F98692927DF4800ADB03A /* ru */,
			);
			name = InfoPlist.strings;
			sourceTree = "<group>";
		};
		4B6F98732927E4FC00ADB03A /* Localizable.strings */ = {
			isa = PBXVariantGroup;
			children = (
				4B6F98722927E4FC00ADB03A /* en */,
				4B6F98742927E4FE00ADB03A /* ru */,
			);
			name = Localizable.strings;
			sourceTree = "<group>";
		};
/* End PBXVariantGroup section */

/* Begin XCBuildConfiguration section */
		4B1483FA2912892F0013B76E /* Debug */ = {
			isa = XCBuildConfiguration;
			buildSettings = {
				ALWAYS_SEARCH_USER_PATHS = NO;
				CLANG_ANALYZER_LOCALIZABILITY_NONLOCALIZED = YES;
				CLANG_ANALYZER_NONNULL = YES;
				CLANG_ANALYZER_NUMBER_OBJECT_CONVERSION = YES_AGGRESSIVE;
				CLANG_CXX_LANGUAGE_STANDARD = "gnu++14";
				CLANG_CXX_LIBRARY = "libc++";
				CLANG_ENABLE_MODULES = YES;
				CLANG_ENABLE_OBJC_ARC = YES;
				CLANG_ENABLE_OBJC_WEAK = YES;
				CLANG_WARN_BLOCK_CAPTURE_AUTORELEASING = YES;
				CLANG_WARN_BOOL_CONVERSION = YES;
				CLANG_WARN_COMMA = YES;
				CLANG_WARN_CONSTANT_CONVERSION = YES;
				CLANG_WARN_DEPRECATED_OBJC_IMPLEMENTATIONS = YES;
				CLANG_WARN_DIRECT_OBJC_ISA_USAGE = YES_ERROR;
				CLANG_WARN_DOCUMENTATION_COMMENTS = YES;
				CLANG_WARN_EMPTY_BODY = YES;
				CLANG_WARN_ENUM_CONVERSION = YES;
				CLANG_WARN_INFINITE_RECURSION = YES;
				CLANG_WARN_INT_CONVERSION = YES;
				CLANG_WARN_NON_LITERAL_NULL_CONVERSION = YES;
				CLANG_WARN_OBJC_IMPLICIT_RETAIN_SELF = YES;
				CLANG_WARN_OBJC_LITERAL_CONVERSION = YES;
				CLANG_WARN_OBJC_ROOT_CLASS = YES_ERROR;
				CLANG_WARN_RANGE_LOOP_ANALYSIS = YES;
				CLANG_WARN_STRICT_PROTOTYPES = YES;
				CLANG_WARN_SUSPICIOUS_MOVE = YES;
				CLANG_WARN_UNGUARDED_AVAILABILITY = YES_AGGRESSIVE;
				CLANG_WARN_UNREACHABLE_CODE = YES;
				CLANG_WARN__DUPLICATE_METHOD_MATCH = YES;
				CODE_SIGN_IDENTITY = "-";
				COPY_PHASE_STRIP = NO;
				DEBUG_INFORMATION_FORMAT = dwarf;
				ENABLE_STRICT_OBJC_MSGSEND = YES;
				ENABLE_TESTABILITY = YES;
				GCC_C_LANGUAGE_STANDARD = gnu11;
				GCC_DYNAMIC_NO_PIC = NO;
				GCC_NO_COMMON_BLOCKS = YES;
				GCC_OPTIMIZATION_LEVEL = 0;
				GCC_PREPROCESSOR_DEFINITIONS = (
					"DEBUG=1",
					"$(inherited)",
				);
				GCC_WARN_64_TO_32_BIT_CONVERSION = YES;
				GCC_WARN_ABOUT_RETURN_TYPE = YES_ERROR;
				GCC_WARN_UNDECLARED_SELECTOR = YES;
				GCC_WARN_UNINITIALIZED_AUTOS = YES_AGGRESSIVE;
				GCC_WARN_UNUSED_FUNCTION = YES;
				GCC_WARN_UNUSED_VARIABLE = YES;
				MACOSX_DEPLOYMENT_TARGET = 10.10;
				MTL_ENABLE_DEBUG_INFO = INCLUDE_SOURCE;
				MTL_FAST_MATH = YES;
				ONLY_ACTIVE_ARCH = YES;
				SDKROOT = macosx;
				SWIFT_ACTIVE_COMPILATION_CONDITIONS = DEBUG;
				SWIFT_OPTIMIZATION_LEVEL = "-Onone";
			};
			name = Debug;
		};
		4B1483FB2912892F0013B76E /* Release */ = {
			isa = XCBuildConfiguration;
			buildSettings = {
				ALWAYS_SEARCH_USER_PATHS = NO;
				CLANG_ANALYZER_LOCALIZABILITY_NONLOCALIZED = YES;
				CLANG_ANALYZER_NONNULL = YES;
				CLANG_ANALYZER_NUMBER_OBJECT_CONVERSION = YES_AGGRESSIVE;
				CLANG_CXX_LANGUAGE_STANDARD = "gnu++14";
				CLANG_CXX_LIBRARY = "libc++";
				CLANG_ENABLE_MODULES = YES;
				CLANG_ENABLE_OBJC_ARC = YES;
				CLANG_ENABLE_OBJC_WEAK = YES;
				CLANG_WARN_BLOCK_CAPTURE_AUTORELEASING = YES;
				CLANG_WARN_BOOL_CONVERSION = YES;
				CLANG_WARN_COMMA = YES;
				CLANG_WARN_CONSTANT_CONVERSION = YES;
				CLANG_WARN_DEPRECATED_OBJC_IMPLEMENTATIONS = YES;
				CLANG_WARN_DIRECT_OBJC_ISA_USAGE = YES_ERROR;
				CLANG_WARN_DOCUMENTATION_COMMENTS = YES;
				CLANG_WARN_EMPTY_BODY = YES;
				CLANG_WARN_ENUM_CONVERSION = YES;
				CLANG_WARN_INFINITE_RECURSION = YES;
				CLANG_WARN_INT_CONVERSION = YES;
				CLANG_WARN_NON_LITERAL_NULL_CONVERSION = YES;
				CLANG_WARN_OBJC_IMPLICIT_RETAIN_SELF = YES;
				CLANG_WARN_OBJC_LITERAL_CONVERSION = YES;
				CLANG_WARN_OBJC_ROOT_CLASS = YES_ERROR;
				CLANG_WARN_RANGE_LOOP_ANALYSIS = YES;
				CLANG_WARN_STRICT_PROTOTYPES = YES;
				CLANG_WARN_SUSPICIOUS_MOVE = YES;
				CLANG_WARN_UNGUARDED_AVAILABILITY = YES_AGGRESSIVE;
				CLANG_WARN_UNREACHABLE_CODE = YES;
				CLANG_WARN__DUPLICATE_METHOD_MATCH = YES;
				CODE_SIGN_IDENTITY = "-";
				COPY_PHASE_STRIP = NO;
				DEBUG_INFORMATION_FORMAT = "dwarf-with-dsym";
				ENABLE_NS_ASSERTIONS = NO;
				ENABLE_STRICT_OBJC_MSGSEND = YES;
				GCC_C_LANGUAGE_STANDARD = gnu11;
				GCC_NO_COMMON_BLOCKS = YES;
				GCC_WARN_64_TO_32_BIT_CONVERSION = YES;
				GCC_WARN_ABOUT_RETURN_TYPE = YES_ERROR;
				GCC_WARN_UNDECLARED_SELECTOR = YES;
				GCC_WARN_UNINITIALIZED_AUTOS = YES_AGGRESSIVE;
				GCC_WARN_UNUSED_FUNCTION = YES;
				GCC_WARN_UNUSED_VARIABLE = YES;
				MACOSX_DEPLOYMENT_TARGET = 10.10;
				MTL_ENABLE_DEBUG_INFO = NO;
				MTL_FAST_MATH = YES;
				SDKROOT = macosx;
				SWIFT_COMPILATION_MODE = wholemodule;
				SWIFT_OPTIMIZATION_LEVEL = "-O";
			};
			name = Release;
		};
		4B1483FD2912892F0013B76E /* Debug */ = {
			isa = XCBuildConfiguration;
			buildSettings = {
				ASSETCATALOG_COMPILER_APPICON_NAME = AppIcon;
				CODE_SIGN_ENTITLEMENTS = XcodeTemplateProject/Configuration/XcodeTemplateProject.entitlements;
				CODE_SIGN_STYLE = Automatic;
				COMBINE_HIDPI_IMAGES = YES;
				INFOPLIST_FILE = XcodeTemplateProject/Configuration/Info.plist;
				LD_RUNPATH_SEARCH_PATHS = (
					"$(inherited)",
					"@executable_path/../Frameworks",
				);
				PRODUCT_BUNDLE_IDENTIFIER = com.perseus.XcodeTemplateProject;
				PRODUCT_NAME = "$(TARGET_NAME)";
				SWIFT_VERSION = 4.2;
			};
			name = Debug;
		};
		4B1483FE2912892F0013B76E /* Release */ = {
			isa = XCBuildConfiguration;
			buildSettings = {
				ASSETCATALOG_COMPILER_APPICON_NAME = AppIcon;
				CODE_SIGN_ENTITLEMENTS = XcodeTemplateProject/Configuration/XcodeTemplateProject.entitlements;
				CODE_SIGN_STYLE = Automatic;
				COMBINE_HIDPI_IMAGES = YES;
				ENABLE_TESTABILITY = YES;
				INFOPLIST_FILE = XcodeTemplateProject/Configuration/Info.plist;
				LD_RUNPATH_SEARCH_PATHS = (
					"$(inherited)",
					"@executable_path/../Frameworks",
				);
				PRODUCT_BUNDLE_IDENTIFIER = com.perseus.XcodeTemplateProject;
				PRODUCT_NAME = "$(TARGET_NAME)";
				SWIFT_VERSION = 4.2;
			};
			name = Release;
		};
		4B1484002912892F0013B76E /* Debug */ = {
			isa = XCBuildConfiguration;
			buildSettings = {
				ALWAYS_EMBED_SWIFT_STANDARD_LIBRARIES = YES;
				BUNDLE_LOADER = "$(TEST_HOST)";
				CODE_SIGN_STYLE = Automatic;
				COMBINE_HIDPI_IMAGES = YES;
				INFOPLIST_FILE = XcodeTemplateProjectTests/Configuration/Info.plist;
				LD_RUNPATH_SEARCH_PATHS = (
					"$(inherited)",
					"@executable_path/../Frameworks",
					"@loader_path/../Frameworks",
				);
				PRODUCT_BUNDLE_IDENTIFIER = com.perseus.XcodeTemplateProjectTests;
				PRODUCT_NAME = "$(TARGET_NAME)";
				SWIFT_VERSION = 4.2;
				TEST_HOST = "$(BUILT_PRODUCTS_DIR)/XcodeTemplateProject.app/Contents/MacOS/XcodeTemplateProject";
			};
			name = Debug;
		};
		4B1484012912892F0013B76E /* Release */ = {
			isa = XCBuildConfiguration;
			buildSettings = {
				ALWAYS_EMBED_SWIFT_STANDARD_LIBRARIES = YES;
				BUNDLE_LOADER = "$(TEST_HOST)";
				CODE_SIGN_STYLE = Automatic;
				COMBINE_HIDPI_IMAGES = YES;
				ENABLE_TESTABILITY = YES;
				INFOPLIST_FILE = XcodeTemplateProjectTests/Configuration/Info.plist;
				LD_RUNPATH_SEARCH_PATHS = (
					"$(inherited)",
					"@executable_path/../Frameworks",
					"@loader_path/../Frameworks",
				);
				PRODUCT_BUNDLE_IDENTIFIER = com.perseus.XcodeTemplateProjectTests;
				PRODUCT_NAME = "$(TARGET_NAME)";
				SWIFT_VERSION = 4.2;
				TEST_HOST = "$(BUILT_PRODUCTS_DIR)/XcodeTemplateProject.app/Contents/MacOS/XcodeTemplateProject";
			};
			name = Release;
		};
/* End XCBuildConfiguration section */

/* Begin XCConfigurationList section */
		4B1483DC2912892C0013B76E /* Build configuration list for PBXProject "XcodeTemplateProject" */ = {
			isa = XCConfigurationList;
			buildConfigurations = (
				4B1483FA2912892F0013B76E /* Debug */,
				4B1483FB2912892F0013B76E /* Release */,
			);
			defaultConfigurationIsVisible = 0;
			defaultConfigurationName = Release;
		};
		4B1483FC2912892F0013B76E /* Build configuration list for PBXNativeTarget "XcodeTemplateProject" */ = {
			isa = XCConfigurationList;
			buildConfigurations = (
				4B1483FD2912892F0013B76E /* Debug */,
				4B1483FE2912892F0013B76E /* Release */,
			);
			defaultConfigurationIsVisible = 0;
			defaultConfigurationName = Release;
		};
		4B1483FF2912892F0013B76E /* Build configuration list for PBXNativeTarget "XcodeTemplateProjectTests" */ = {
			isa = XCConfigurationList;
			buildConfigurations = (
				4B1484002912892F0013B76E /* Debug */,
				4B1484012912892F0013B76E /* Release */,
			);
			defaultConfigurationIsVisible = 0;
			defaultConfigurationName = Release;
		};
/* End XCConfigurationList section */
	};
	rootObject = 4B1483D92912892C0013B76E /* Project object */;
}
